
Microsoft Visual Studio Solution File, Format Version 12.00
# Visual Studio Version 17
VisualStudioVersion = 17.7.34031.279
MinimumVisualStudioVersion = 10.0.40219.1
Project("{9A19103F-16F7-4668-BE54-9A1E7A4F7556}") = "1-OlaMundo", "ola-mundo\1-OlaMundo.csproj", "{0D1C91A2-6FFA-4CDD-9351-917787C571C1}"
EndProject
Project("{9A19103F-16F7-4668-BE54-9A1E7A4F7556}") = "2-CriandoVariaveis", "2-CriandoVariaveis\2-CriandoVariaveis.csproj", "{6EE40B1D-35F2-44D8-AAF7-D65C0373476C}"
EndProject
Project("{9A19103F-16F7-4668-BE54-9A1E7A4F7556}") = "3-CriandoVariaveisPontoFlutuante", "3-CriandoVariaveisPontoFlutuante\3-CriandoVariaveisPontoFlutuante.csproj", "{792BF977-0C73-4008-90A4-6CD986FA9D84}"
EndProject
Project("{9A19103F-16F7-4668-BE54-9A1E7A4F7556}") = "4-ConversoesEOutrosTipos", "4-ConversoesEOutrosTipos\4-ConversoesEOutrosTipos.csproj", "{1A2A4641-FC15-4ECE-A540-E8B699B3483C}"
EndProject
Project("{9A19103F-16F7-4668-BE54-9A1E7A4F7556}") = "5-CaracteresETextos", "5-CaracteresETextos\5-CaracteresETextos.csproj", "{5F2F3267-6EAA-4A31-8687-660F8A16F871}"
EndProject
Project("{9A19103F-16F7-4668-BE54-9A1E7A4F7556}") = "6-AtribuicoesDeVariaveis", "6-AtribuicoesDeVariaveis\6-AtribuicoesDeVariaveis.csproj", "{4A1CBAE5-2FC8-40F3-8D4B-9BB3EE7A27A5}"
EndProject
Project("{9A19103F-16F7-4668-BE54-9A1E7A4F7556}") = "7-Condicionais", "7-Condicionais\7-Condicionais.csproj", "{CB2DC2A7-2B30-467D-8229-FC11D98344B6}"
EndProject
Project("{FAE04EC0-301F-11D3-BF4B-00C04F79EFBC}") = "8-Condicionais2", "8-Condicionais2\8-Condicionais2.csproj", "{2773CAFF-BDD9-4F21-AD5B-F0EB3E3D8825}"
EndProject
Project("{FAE04EC0-301F-11D3-BF4B-00C04F79EFBC}") = "9-Escopo", "9-Escopo\9-Escopo.csproj", "{44B2E966-346C-4E59-8D15-EB42808D4F2E}"
EndProject
Project("{FAE04EC0-301F-11D3-BF4B-00C04F79EFBC}") = "10-CalculaPoupanca", "10-CalculaPoupanca\10-CalculaPoupanca.csproj", "{73A30751-9667-46AC-9ACD-07E1C9B388EC}"
EndProject
Project("{FAE04EC0-301F-11D3-BF4B-00C04F79EFBC}") = "11-CalculaPopanca2", "11-CalculaPopanca2\11-CalculaPopanca2.csproj", "{B8613D91-DF42-4B48-8207-E89CB51EC2F3}"
EndProject
Project("{FAE04EC0-301F-11D3-BF4B-00C04F79EFBC}") = "12-InvestimentoALongoPrazo", "12-InvestimentoALongoPrazo\12-InvestimentoALongoPrazo.csproj", "{A5A93624-5BF7-4520-ACFA-11C34FB86245}"
EndProject
Global
	GlobalSection(SolutionConfigurationPlatforms) = preSolution
		Debug|Any CPU = Debug|Any CPU
		Release|Any CPU = Release|Any CPU
	EndGlobalSection
	GlobalSection(ProjectConfigurationPlatforms) = postSolution
		{0D1C91A2-6FFA-4CDD-9351-917787C571C1}.Debug|Any CPU.ActiveCfg = Debug|Any CPU
		{0D1C91A2-6FFA-4CDD-9351-917787C571C1}.Debug|Any CPU.Build.0 = Debug|Any CPU
		{0D1C91A2-6FFA-4CDD-9351-917787C571C1}.Release|Any CPU.ActiveCfg = Release|Any CPU
		{0D1C91A2-6FFA-4CDD-9351-917787C571C1}.Release|Any CPU.Build.0 = Release|Any CPU
		{6EE40B1D-35F2-44D8-AAF7-D65C0373476C}.Debug|Any CPU.ActiveCfg = Debug|Any CPU
		{6EE40B1D-35F2-44D8-AAF7-D65C0373476C}.Debug|Any CPU.Build.0 = Debug|Any CPU
		{6EE40B1D-35F2-44D8-AAF7-D65C0373476C}.Release|Any CPU.ActiveCfg = Release|Any CPU
		{6EE40B1D-35F2-44D8-AAF7-D65C0373476C}.Release|Any CPU.Build.0 = Release|Any CPU
		{792BF977-0C73-4008-90A4-6CD986FA9D84}.Debug|Any CPU.ActiveCfg = Debug|Any CPU
		{792BF977-0C73-4008-90A4-6CD986FA9D84}.Debug|Any CPU.Build.0 = Debug|Any CPU
		{792BF977-0C73-4008-90A4-6CD986FA9D84}.Release|Any CPU.ActiveCfg = Release|Any CPU
		{792BF977-0C73-4008-90A4-6CD986FA9D84}.Release|Any CPU.Build.0 = Release|Any CPU
		{1A2A4641-FC15-4ECE-A540-E8B699B3483C}.Debug|Any CPU.ActiveCfg = Debug|Any CPU
		{1A2A4641-FC15-4ECE-A540-E8B699B3483C}.Debug|Any CPU.Build.0 = Debug|Any CPU
		{1A2A4641-FC15-4ECE-A540-E8B699B3483C}.Release|Any CPU.ActiveCfg = Release|Any CPU
		{1A2A4641-FC15-4ECE-A540-E8B699B3483C}.Release|Any CPU.Build.0 = Release|Any CPU
		{5F2F3267-6EAA-4A31-8687-660F8A16F871}.Debug|Any CPU.ActiveCfg = Debug|Any CPU
		{5F2F3267-6EAA-4A31-8687-660F8A16F871}.Debug|Any CPU.Build.0 = Debug|Any CPU
		{5F2F3267-6EAA-4A31-8687-660F8A16F871}.Release|Any CPU.ActiveCfg = Release|Any CPU
		{5F2F3267-6EAA-4A31-8687-660F8A16F871}.Release|Any CPU.Build.0 = Release|Any CPU
		{4A1CBAE5-2FC8-40F3-8D4B-9BB3EE7A27A5}.Debug|Any CPU.ActiveCfg = Debug|Any CPU
		{4A1CBAE5-2FC8-40F3-8D4B-9BB3EE7A27A5}.Debug|Any CPU.Build.0 = Debug|Any CPU
		{4A1CBAE5-2FC8-40F3-8D4B-9BB3EE7A27A5}.Release|Any CPU.ActiveCfg = Release|Any CPU
		{4A1CBAE5-2FC8-40F3-8D4B-9BB3EE7A27A5}.Release|Any CPU.Build.0 = Release|Any CPU
		{CB2DC2A7-2B30-467D-8229-FC11D98344B6}.Debug|Any CPU.ActiveCfg = Debug|Any CPU
		{CB2DC2A7-2B30-467D-8229-FC11D98344B6}.Debug|Any CPU.Build.0 = Debug|Any CPU
		{CB2DC2A7-2B30-467D-8229-FC11D98344B6}.Release|Any CPU.ActiveCfg = Release|Any CPU
		{CB2DC2A7-2B30-467D-8229-FC11D98344B6}.Release|Any CPU.Build.0 = Release|Any CPU
		{2773CAFF-BDD9-4F21-AD5B-F0EB3E3D8825}.Debug|Any CPU.ActiveCfg = Debug|Any CPU
		{2773CAFF-BDD9-4F21-AD5B-F0EB3E3D8825}.Debug|Any CPU.Build.0 = Debug|Any CPU
		{2773CAFF-BDD9-4F21-AD5B-F0EB3E3D8825}.Release|Any CPU.ActiveCfg = Release|Any CPU
		{2773CAFF-BDD9-4F21-AD5B-F0EB3E3D8825}.Release|Any CPU.Build.0 = Release|Any CPU
		{44B2E966-346C-4E59-8D15-EB42808D4F2E}.Debug|Any CPU.ActiveCfg = Debug|Any CPU
		{44B2E966-346C-4E59-8D15-EB42808D4F2E}.Debug|Any CPU.Build.0 = Debug|Any CPU
		{44B2E966-346C-4E59-8D15-EB42808D4F2E}.Release|Any CPU.ActiveCfg = Release|Any CPU
		{44B2E966-346C-4E59-8D15-EB42808D4F2E}.Release|Any CPU.Build.0 = Release|Any CPU
		{73A30751-9667-46AC-9ACD-07E1C9B388EC}.Debug|Any CPU.ActiveCfg = Debug|Any CPU
		{73A30751-9667-46AC-9ACD-07E1C9B388EC}.Debug|Any CPU.Build.0 = Debug|Any CPU
		{73A30751-9667-46AC-9ACD-07E1C9B388EC}.Release|Any CPU.ActiveCfg = Release|Any CPU
		{73A30751-9667-46AC-9ACD-07E1C9B388EC}.Release|Any CPU.Build.0 = Release|Any CPU
		{B8613D91-DF42-4B48-8207-E89CB51EC2F3}.Debug|Any CPU.ActiveCfg = Debug|Any CPU
		{B8613D91-DF42-4B48-8207-E89CB51EC2F3}.Debug|Any CPU.Build.0 = Debug|Any CPU
		{B8613D91-DF42-4B48-8207-E89CB51EC2F3}.Release|Any CPU.ActiveCfg = Release|Any CPU
		{B8613D91-DF42-4B48-8207-E89CB51EC2F3}.Release|Any CPU.Build.0 = Release|Any CPU
		{A5A93624-5BF7-4520-ACFA-11C34FB86245}.Debug|Any CPU.ActiveCfg = Debug|Any CPU
		{A5A93624-5BF7-4520-ACFA-11C34FB86245}.Debug|Any CPU.Build.0 = Debug|Any CPU
		{A5A93624-5BF7-4520-ACFA-11C34FB86245}.Release|Any CPU.ActiveCfg = Release|Any CPU
		{A5A93624-5BF7-4520-ACFA-11C34FB86245}.Release|Any CPU.Build.0 = Release|Any CPU
	EndGlobalSection
	GlobalSection(SolutionProperties) = preSolution
		HideSolutionNode = FALSE
	EndGlobalSection
	GlobalSection(ExtensibilityGlobals) = postSolution
		SolutionGuid = {F5984C81-6E63-4207-8BB8-DCB93B9908CE}
	EndGlobalSection
EndGlobal
